
Microsoft Visual Studio Solution File, Format Version 12.00
# Visual Studio Version 16
VisualStudioVersion = 16.0.29001.49
MinimumVisualStudioVersion = 10.0.40219.1
Project("{9A19103F-16F7-4668-BE54-9A1E7A4F7556}") = "WorkTimeTracking", "src\WorkTimeTracking\WorkTimeTracking.csproj", "{446A6A9B-B965-460B-A0E0-8C5511056C8D}"
EndProject
Project("{FAE04EC0-301F-11D3-BF4B-00C04F79EFBC}") = "WorkTimeTrackingTests", "test\WorkTimeTrackingTests\WorkTimeTrackingTests.csproj", "{940C48D5-11E7-4491-9CCC-ABBC7BB4C608}"
EndProject
Global
	GlobalSection(SolutionConfigurationPlatforms) = preSolution
		Debug|Any CPU = Debug|Any CPU
		Release|Any CPU = Release|Any CPU
	EndGlobalSection
	GlobalSection(ProjectConfigurationPlatforms) = postSolution
		{446A6A9B-B965-460B-A0E0-8C5511056C8D}.Debug|Any CPU.ActiveCfg = Debug|Any CPU
		{446A6A9B-B965-460B-A0E0-8C5511056C8D}.Debug|Any CPU.Build.0 = Debug|Any CPU
		{446A6A9B-B965-460B-A0E0-8C5511056C8D}.Release|Any CPU.ActiveCfg = Release|Any CPU
		{446A6A9B-B965-460B-A0E0-8C5511056C8D}.Release|Any CPU.Build.0 = Release|Any CPU
		{940C48D5-11E7-4491-9CCC-ABBC7BB4C608}.Debug|Any CPU.ActiveCfg = Debug|Any CPU
		{940C48D5-11E7-4491-9CCC-ABBC7BB4C608}.Debug|Any CPU.Build.0 = Debug|Any CPU
		{940C48D5-11E7-4491-9CCC-ABBC7BB4C608}.Release|Any CPU.ActiveCfg = Release|Any CPU
		{940C48D5-11E7-4491-9CCC-ABBC7BB4C608}.Release|Any CPU.Build.0 = Release|Any CPU
	EndGlobalSection
	GlobalSection(SolutionProperties) = preSolution
		HideSolutionNode = FALSE
	EndGlobalSection
	GlobalSection(ExtensibilityGlobals) = postSolution
		SolutionGuid = {23272720-7EB9-4818-9F42-4EDB6AC8AF22}
	EndGlobalSection
EndGlobal
